github.com/hashicorp/terraform-plugin-docs v0.20.0 h1:ox7rm1FN0dVZaJBUzkVVh10R1r3+FeMQWL0QopQ9d7o=
github.com/hashicorp/terraform-plugin-docs v0.20.0/go.mod h1:A/+4SVMdAkQYtIBtaxV0H7AU862TxVZk/hhKaMDQB6Y=
github.com/hashicorp/terraform-plugin-framework v1.12.0 h1:7HKaueHPaikX5/7cbC1r9d1m12iYHY+FlNZEGxQ42CQ=
github.com/hashicorp/terraform-plugin-framework v1.12.0/go.mod h1:N/IOQ2uYjW60Jp39Cp3mw7I/OpC/GfZ0385R0YibmkE=
github.com/hashicorp/terraform-plugin-framework-validators v0.14.0 h1:3PCn9iyzdVOgHYOBmncpSSOxjQhCTYmc+PGvbdlqSaI=
github.com/hashicorp/terraform-plugin-framework-validators v0.14.0/go.mod h1:LwDKNdzxrDY/mHBrlC6aYfE2fQ3Dk3gaJD64vNiXvo4=
github.com/hashicorp/terraform-plugin-log v0.9.0 h1:i7hOA+vdAItN1/7UrfBqBwvYPQ9TFvymaRGZED3FCV0=
github.com/hashicorp/terraform-plugin-log v0.9.0/go.mod h1:rKL8egZQ/eXSyDqzLUuwUYLVdlYeamldAHSxjUFADow=
github.com/hashicorp/terraform-plugin-testing v1.8.0 h1:wdYIgwDk4iO933gC4S8KbKdnMQShu6BXuZQPScmHvpk=
github.com/hashicorp/terraform-plugin-testing v1.8.0/go.mod h1:o2kOgf18ADUaZGhtOl0YCkfIxg01MAiMATT2EtIHlZk=
