{
  "version": 4,
  "terraform_version": "1.5.7",
  "serial": 11,
  "lineage": "6d2f0556-7a09-936d-20b5-61d419fb7600",
  "outputs": {
    "web-01_id": {
      "value": "f0b835ff-f1c8-4433-b3df-42766ae9ed8f",
      "type": "string"
    },
    "web-01_ip": {
      "value": "121.91.234.2",
      "type": "string"
    },
    "web-02_id": {
      "value": "2014dba5-f198-4f32-9d16-c252d7adccc4",
      "type": "string"
    },
    "web-02_ip": {
      "value": "121.91.234.6",
      "type": "string"
    }
  },
  "resources": [
    {
      "mode": "managed",
      "type": "rackdog_server",
      "name": "web",
      "provider": "provider[\"registry.terraform.io/rackdog/rackdog\"]",
      "instances": [
        {
          "schema_version": 0,
          "attributes": {
            "hostname": "web-01",
            "id": "f0b835ff-f1c8-4433-b3df-42766ae9ed8f",
            "ip_address": "121.91.234.2",
            "location_id": 1,
            "os_id": 48,
            "plan_id": 8,
            "raid": null,
            "status": "PROVISIONING"
          },
          "sensitive_attributes": []
        }
      ]
    },
    {
      "mode": "managed",
      "type": "rackdog_server",
      "name": "web-2",
      "provider": "provider[\"registry.terraform.io/rackdog/rackdog\"]",
      "instances": [
        {
          "schema_version": 0,
          "attributes": {
            "hostname": "web-02",
            "id": "2014dba5-f198-4f32-9d16-c252d7adccc4",
            "ip_address": "121.91.234.6",
            "location_id": 1,
            "os_id": 48,
            "plan_id": 8,
            "raid": null,
            "status": null
          },
          "sensitive_attributes": []
        }
      ]
    }
  ],
  "check_results": null
}
